{
    "version": 3,
    "terraform_version": "0.11.13",
    "serial": 6,
    "lineage": "2ff1bcb0-862f-c1e0-2c5d-76f561e46c0c",
    "modules": [
        {
            "path": [
                "root"
            ],
            "outputs": {
                "MySQL DB Private IP": {
                    "sensitive": false,
                    "type": "string",
                    "value": "172.21.1.5"
                },
                "SSH Key": {
                    "sensitive": false,
                    "type": "string",
                    "value": "~/.ssh/miams.pem"
                },
                "Web Server Public IP": {
                    "sensitive": false,
                    "type": "string",
                    "value": "3.88.144.195"
                }
            },
            "resources": {
                "aws_internet_gateway.igw_tf": {
                    "type": "aws_internet_gateway",
                    "depends_on": [
                        "aws_vpc.tf-vpc"
                    ],
                    "primary": {
                        "id": "igw-0eab33fc3ac2c3162",
                        "attributes": {
                            "id": "igw-0eab33fc3ac2c3162",
                            "owner_id": "461672938030",
                            "tags.%": "1",
                            "tags.Name": "TF - IGW",
                            "vpc_id": "vpc-09f44bdf0005b1c0c"
                        },
                        "meta": {},
                        "tainted": false
                    },
                    "deposed": [],
                    "provider": "provider.aws"
                },
                "aws_route.rt_tf_web": {
                    "type": "aws_route",
                    "depends_on": [
                        "aws_internet_gateway.igw_tf",
                        "aws_vpc.tf-vpc"
                    ],
                    "primary": {
                        "id": "r-rtb-0cb0172d30d24c27a1080289494",
                        "attributes": {
                            "destination_cidr_block": "0.0.0.0/0",
                            "destination_prefix_list_id": "",
                            "egress_only_gateway_id": "",
                            "gateway_id": "igw-0eab33fc3ac2c3162",
                            "id": "r-rtb-0cb0172d30d24c27a1080289494",
                            "instance_id": "",
                            "instance_owner_id": "",
                            "nat_gateway_id": "",
                            "network_interface_id": "",
                            "origin": "CreateRoute",
                            "route_table_id": "rtb-0cb0172d30d24c27a",
                            "state": "active",
                            "transit_gateway_id": "",
                            "vpc_peering_connection_id": ""
                        },
                        "meta": {
                            "e2bfb730-ecaa-11e6-8f88-34363bc7c4c0": {
                                "create": 120000000000,
                                "delete": 300000000000
                            }
                        },
                        "tainted": false
                    },
                    "deposed": [],
                    "provider": "provider.aws"
                },
                "aws_subnet.tf-db": {
                    "type": "aws_subnet",
                    "depends_on": [
                        "aws_vpc.tf-vpc"
                    ],
                    "primary": {
                        "id": "subnet-014ccd71a4c52a571",
                        "attributes": {
                            "arn": "arn:aws:ec2:us-east-1:461672938030:subnet/subnet-014ccd71a4c52a571",
                            "assign_ipv6_address_on_creation": "false",
                            "availability_zone": "us-east-1b",
                            "availability_zone_id": "use1-az4",
                            "cidr_block": "172.21.1.0/24",
                            "id": "subnet-014ccd71a4c52a571",
                            "ipv6_cidr_block": "",
                            "ipv6_cidr_block_association_id": "",
                            "map_public_ip_on_launch": "false",
                            "owner_id": "461672938030",
                            "tags.%": "1",
                            "tags.Name": "tf-db",
                            "vpc_id": "vpc-09f44bdf0005b1c0c"
                        },
                        "meta": {
                            "e2bfb730-ecaa-11e6-8f88-34363bc7c4c0": {
                                "create": 600000000000,
                                "delete": 600000000000
                            },
                            "schema_version": "1"
                        },
                        "tainted": false
                    },
                    "deposed": [],
                    "provider": "provider.aws"
                },
                "aws_subnet.tf-web": {
                    "type": "aws_subnet",
                    "depends_on": [
                        "aws_vpc.tf-vpc"
                    ],
                    "primary": {
                        "id": "subnet-0834ddebdee4e2bf7",
                        "attributes": {
                            "arn": "arn:aws:ec2:us-east-1:461672938030:subnet/subnet-0834ddebdee4e2bf7",
                            "assign_ipv6_address_on_creation": "false",
                            "availability_zone": "us-east-1a",
                            "availability_zone_id": "use1-az2",
                            "cidr_block": "172.21.0.0/24",
                            "id": "subnet-0834ddebdee4e2bf7",
                            "ipv6_cidr_block": "",
                            "ipv6_cidr_block_association_id": "",
                            "map_public_ip_on_launch": "true",
                            "owner_id": "461672938030",
                            "tags.%": "1",
                            "tags.Name": "tf-web",
                            "vpc_id": "vpc-09f44bdf0005b1c0c"
                        },
                        "meta": {
                            "e2bfb730-ecaa-11e6-8f88-34363bc7c4c0": {
                                "create": 600000000000,
                                "delete": 600000000000
                            },
                            "schema_version": "1"
                        },
                        "tainted": false
                    },
                    "deposed": [],
                    "provider": "provider.aws"
                },
                "aws_vpc.tf-vpc": {
                    "type": "aws_vpc",
                    "depends_on": [],
                    "primary": {
                        "id": "vpc-09f44bdf0005b1c0c",
                        "attributes": {
                            "arn": "arn:aws:ec2:us-east-1:461672938030:vpc/vpc-09f44bdf0005b1c0c",
                            "assign_generated_ipv6_cidr_block": "false",
                            "cidr_block": "172.21.0.0/16",
                            "default_network_acl_id": "acl-0f32c8f577349c881",
                            "default_route_table_id": "rtb-0cb0172d30d24c27a",
                            "default_security_group_id": "sg-09a36777bdf432224",
                            "dhcp_options_id": "dopt-1acae87f",
                            "enable_classiclink": "false",
                            "enable_classiclink_dns_support": "false",
                            "enable_dns_hostnames": "false",
                            "enable_dns_support": "true",
                            "id": "vpc-09f44bdf0005b1c0c",
                            "instance_tenancy": "default",
                            "ipv6_association_id": "",
                            "ipv6_cidr_block": "",
                            "main_route_table_id": "rtb-0cb0172d30d24c27a",
                            "owner_id": "461672938030",
                            "tags.%": "1",
                            "tags.Name": "TF VPC - Lamp"
                        },
                        "meta": {
                            "schema_version": "1"
                        },
                        "tainted": false
                    },
                    "deposed": [],
                    "provider": "provider.aws"
                }
            },
            "depends_on": []
        },
        {
            "path": [
                "root",
                "db"
            ],
            "outputs": {
                "private_ip": {
                    "sensitive": false,
                    "type": "string",
                    "value": "172.21.1.5"
                },
                "public_ip": {
                    "sensitive": false,
                    "type": "string",
                    "value": ""
                }
            },
            "resources": {
                "aws_instance.db": {
                    "type": "aws_instance",
                    "depends_on": [
                        "aws_security_group.test-db"
                    ],
                    "primary": {
                        "id": "i-0679ba7d77a0a46b8",
                        "attributes": {
                            "ami": "ami-006219aba10688d0b",
                            "arn": "arn:aws:ec2:us-east-1:461672938030:instance/i-0679ba7d77a0a46b8",
                            "associate_public_ip_address": "false",
                            "availability_zone": "us-east-1b",
                            "cpu_core_count": "1",
                            "cpu_threads_per_core": "1",
                            "credit_specification.#": "1",
                            "credit_specification.0.cpu_credits": "standard",
                            "disable_api_termination": "false",
                            "ebs_block_device.#": "4",
                            "ebs_block_device.10338501.delete_on_termination": "true",
                            "ebs_block_device.10338501.device_name": "/dev/sdf",
                            "ebs_block_device.10338501.encrypted": "false",
                            "ebs_block_device.10338501.iops": "300",
                            "ebs_block_device.10338501.snapshot_id": "snap-08086585c660a7af7",
                            "ebs_block_device.10338501.volume_id": "vol-0e2a8886439bce694",
                            "ebs_block_device.10338501.volume_size": "100",
                            "ebs_block_device.10338501.volume_type": "gp2",
                            "ebs_block_device.2005920083.delete_on_termination": "true",
                            "ebs_block_device.2005920083.device_name": "/dev/sdg",
                            "ebs_block_device.2005920083.encrypted": "false",
                            "ebs_block_device.2005920083.iops": "150",
                            "ebs_block_device.2005920083.snapshot_id": "snap-022142c1eb796e70c",
                            "ebs_block_device.2005920083.volume_id": "vol-014e8de119c124236",
                            "ebs_block_device.2005920083.volume_size": "50",
                            "ebs_block_device.2005920083.volume_type": "gp2",
                            "ebs_block_device.2350082892.delete_on_termination": "true",
                            "ebs_block_device.2350082892.device_name": "/dev/sdh",
                            "ebs_block_device.2350082892.encrypted": "false",
                            "ebs_block_device.2350082892.iops": "100",
                            "ebs_block_device.2350082892.snapshot_id": "snap-057dcaeffb7814813",
                            "ebs_block_device.2350082892.volume_id": "vol-002bc7ddf0623cdef",
                            "ebs_block_device.2350082892.volume_size": "20",
                            "ebs_block_device.2350082892.volume_type": "gp2",
                            "ebs_block_device.3160493228.delete_on_termination": "true",
                            "ebs_block_device.3160493228.device_name": "/dev/sde",
                            "ebs_block_device.3160493228.encrypted": "false",
                            "ebs_block_device.3160493228.iops": "150",
                            "ebs_block_device.3160493228.snapshot_id": "snap-0d8fd4343763d0ba8",
                            "ebs_block_device.3160493228.volume_id": "vol-0b54b581f70918de0",
                            "ebs_block_device.3160493228.volume_size": "50",
                            "ebs_block_device.3160493228.volume_type": "gp2",
                            "ebs_optimized": "false",
                            "ephemeral_block_device.#": "0",
                            "get_password_data": "false",
                            "iam_instance_profile": "",
                            "id": "i-0679ba7d77a0a46b8",
                            "instance_state": "running",
                            "instance_type": "t2.micro",
                            "ipv6_address_count": "0",
                            "ipv6_addresses.#": "0",
                            "key_name": "miams",
                            "monitoring": "false",
                            "network_interface.#": "0",
                            "password_data": "",
                            "placement_group": "",
                            "primary_network_interface_id": "eni-0bb0873e51843e553",
                            "private_dns": "ip-172-21-1-5.ec2.internal",
                            "private_ip": "172.21.1.5",
                            "public_dns": "",
                            "public_ip": "",
                            "root_block_device.#": "1",
                            "root_block_device.0.delete_on_termination": "true",
                            "root_block_device.0.iops": "100",
                            "root_block_device.0.volume_id": "vol-03d8a8d7c3c8db5c7",
                            "root_block_device.0.volume_size": "8",
                            "root_block_device.0.volume_type": "gp2",
                            "security_groups.#": "0",
                            "source_dest_check": "true",
                            "subnet_id": "subnet-014ccd71a4c52a571",
                            "tags.%": "2",
                            "tags.CR": "SHUTDOWN",
                            "tags.Name": "DB",
                            "tenancy": "default",
                            "volume_tags.%": "0",
                            "vpc_security_group_ids.#": "1",
                            "vpc_security_group_ids.2426589805": "sg-0e89252200a6c7a27"
                        },
                        "meta": {
                            "e2bfb730-ecaa-11e6-8f88-34363bc7c4c0": {
                                "create": 600000000000,
                                "delete": 1200000000000,
                                "update": 600000000000
                            },
                            "schema_version": "1"
                        },
                        "tainted": false
                    },
                    "deposed": [],
                    "provider": "provider.aws"
                },
                "aws_security_group.test-db": {
                    "type": "aws_security_group",
                    "depends_on": [],
                    "primary": {
                        "id": "sg-0e89252200a6c7a27",
                        "attributes": {
                            "arn": "arn:aws:ec2:us-east-1:461672938030:security-group/sg-0e89252200a6c7a27",
                            "description": "Security Group for DB Server",
                            "egress.#": "1",
                            "egress.482069346.cidr_blocks.#": "1",
                            "egress.482069346.cidr_blocks.0": "0.0.0.0/0",
                            "egress.482069346.description": "",
                            "egress.482069346.from_port": "0",
                            "egress.482069346.ipv6_cidr_blocks.#": "0",
                            "egress.482069346.prefix_list_ids.#": "0",
                            "egress.482069346.protocol": "-1",
                            "egress.482069346.security_groups.#": "0",
                            "egress.482069346.self": "false",
                            "egress.482069346.to_port": "0",
                            "id": "sg-0e89252200a6c7a27",
                            "ingress.#": "2",
                            "ingress.2541437006.cidr_blocks.#": "1",
                            "ingress.2541437006.cidr_blocks.0": "0.0.0.0/0",
                            "ingress.2541437006.description": "",
                            "ingress.2541437006.from_port": "22",
                            "ingress.2541437006.ipv6_cidr_blocks.#": "0",
                            "ingress.2541437006.prefix_list_ids.#": "0",
                            "ingress.2541437006.protocol": "tcp",
                            "ingress.2541437006.security_groups.#": "0",
                            "ingress.2541437006.self": "false",
                            "ingress.2541437006.to_port": "22",
                            "ingress.3827572816.cidr_blocks.#": "0",
                            "ingress.3827572816.description": "",
                            "ingress.3827572816.from_port": "3306",
                            "ingress.3827572816.ipv6_cidr_blocks.#": "0",
                            "ingress.3827572816.prefix_list_ids.#": "0",
                            "ingress.3827572816.protocol": "tcp",
                            "ingress.3827572816.security_groups.#": "1",
                            "ingress.3827572816.security_groups.171844922": "sg-0d8c39c3e80875381",
                            "ingress.3827572816.self": "false",
                            "ingress.3827572816.to_port": "3306",
                            "name": "test-db",
                            "owner_id": "461672938030",
                            "revoke_rules_on_delete": "false",
                            "tags.%": "1",
                            "tags.Name": "test-db",
                            "vpc_id": "vpc-09f44bdf0005b1c0c"
                        },
                        "meta": {
                            "e2bfb730-ecaa-11e6-8f88-34363bc7c4c0": {
                                "create": 600000000000,
                                "delete": 600000000000
                            },
                            "schema_version": "1"
                        },
                        "tainted": false
                    },
                    "deposed": [],
                    "provider": "provider.aws"
                }
            },
            "depends_on": []
        },
        {
            "path": [
                "root",
                "web"
            ],
            "outputs": {
                "private_ip": {
                    "sensitive": false,
                    "type": "string",
                    "value": "172.21.0.193"
                },
                "public_ip": {
                    "sensitive": false,
                    "type": "string",
                    "value": "3.88.144.195"
                },
                "sg_tf_web": {
                    "sensitive": false,
                    "type": "string",
                    "value": "sg-0d8c39c3e80875381"
                },
                "url": {
                    "sensitive": false,
                    "type": "string",
                    "value": "http://3.88.144.195"
                }
            },
            "resources": {
                "aws_instance.web": {
                    "type": "aws_instance",
                    "depends_on": [
                        "aws_security_group.test-web"
                    ],
                    "primary": {
                        "id": "i-0484ca50f32fd1fe0",
                        "attributes": {
                            "ami": "ami-006219aba10688d0b",
                            "arn": "arn:aws:ec2:us-east-1:461672938030:instance/i-0484ca50f32fd1fe0",
                            "associate_public_ip_address": "true",
                            "availability_zone": "us-east-1a",
                            "cpu_core_count": "1",
                            "cpu_threads_per_core": "1",
                            "credit_specification.#": "1",
                            "credit_specification.0.cpu_credits": "standard",
                            "disable_api_termination": "false",
                            "ebs_block_device.#": "4",
                            "ebs_block_device.10338501.delete_on_termination": "true",
                            "ebs_block_device.10338501.device_name": "/dev/sdf",
                            "ebs_block_device.10338501.encrypted": "false",
                            "ebs_block_device.10338501.iops": "300",
                            "ebs_block_device.10338501.snapshot_id": "snap-08086585c660a7af7",
                            "ebs_block_device.10338501.volume_id": "vol-01eab933e09cb71a6",
                            "ebs_block_device.10338501.volume_size": "100",
                            "ebs_block_device.10338501.volume_type": "gp2",
                            "ebs_block_device.2005920083.delete_on_termination": "true",
                            "ebs_block_device.2005920083.device_name": "/dev/sdg",
                            "ebs_block_device.2005920083.encrypted": "false",
                            "ebs_block_device.2005920083.iops": "150",
                            "ebs_block_device.2005920083.snapshot_id": "snap-022142c1eb796e70c",
                            "ebs_block_device.2005920083.volume_id": "vol-0547b13eadb822e15",
                            "ebs_block_device.2005920083.volume_size": "50",
                            "ebs_block_device.2005920083.volume_type": "gp2",
                            "ebs_block_device.2350082892.delete_on_termination": "true",
                            "ebs_block_device.2350082892.device_name": "/dev/sdh",
                            "ebs_block_device.2350082892.encrypted": "false",
                            "ebs_block_device.2350082892.iops": "100",
                            "ebs_block_device.2350082892.snapshot_id": "snap-057dcaeffb7814813",
                            "ebs_block_device.2350082892.volume_id": "vol-06de590a17835cc60",
                            "ebs_block_device.2350082892.volume_size": "20",
                            "ebs_block_device.2350082892.volume_type": "gp2",
                            "ebs_block_device.3160493228.delete_on_termination": "true",
                            "ebs_block_device.3160493228.device_name": "/dev/sde",
                            "ebs_block_device.3160493228.encrypted": "false",
                            "ebs_block_device.3160493228.iops": "150",
                            "ebs_block_device.3160493228.snapshot_id": "snap-0d8fd4343763d0ba8",
                            "ebs_block_device.3160493228.volume_id": "vol-031ec59eb3b6cde09",
                            "ebs_block_device.3160493228.volume_size": "50",
                            "ebs_block_device.3160493228.volume_type": "gp2",
                            "ebs_optimized": "false",
                            "ephemeral_block_device.#": "0",
                            "get_password_data": "false",
                            "iam_instance_profile": "",
                            "id": "i-0484ca50f32fd1fe0",
                            "instance_state": "running",
                            "instance_type": "t2.micro",
                            "ipv6_address_count": "0",
                            "ipv6_addresses.#": "0",
                            "key_name": "miams",
                            "monitoring": "false",
                            "network_interface.#": "0",
                            "password_data": "",
                            "placement_group": "",
                            "primary_network_interface_id": "eni-0aaa77100fbfd61ce",
                            "private_dns": "ip-172-21-0-193.ec2.internal",
                            "private_ip": "172.21.0.193",
                            "public_dns": "",
                            "public_ip": "3.88.144.195",
                            "root_block_device.#": "1",
                            "root_block_device.0.delete_on_termination": "true",
                            "root_block_device.0.iops": "100",
                            "root_block_device.0.volume_id": "vol-0222e33e9c43eb422",
                            "root_block_device.0.volume_size": "8",
                            "root_block_device.0.volume_type": "gp2",
                            "security_groups.#": "0",
                            "source_dest_check": "true",
                            "subnet_id": "subnet-0834ddebdee4e2bf7",
                            "tags.%": "2",
                            "tags.CR": "SHUTDOWN",
                            "tags.Name": "Web",
                            "tenancy": "default",
                            "volume_tags.%": "0",
                            "vpc_security_group_ids.#": "1",
                            "vpc_security_group_ids.171844922": "sg-0d8c39c3e80875381"
                        },
                        "meta": {
                            "e2bfb730-ecaa-11e6-8f88-34363bc7c4c0": {
                                "create": 600000000000,
                                "delete": 1200000000000,
                                "update": 600000000000
                            },
                            "schema_version": "1"
                        },
                        "tainted": false
                    },
                    "deposed": [],
                    "provider": "provider.aws"
                },
                "aws_security_group.test-web": {
                    "type": "aws_security_group",
                    "depends_on": [],
                    "primary": {
                        "id": "sg-0d8c39c3e80875381",
                        "attributes": {
                            "arn": "arn:aws:ec2:us-east-1:461672938030:security-group/sg-0d8c39c3e80875381",
                            "description": "Security Group for Web Server",
                            "egress.#": "1",
                            "egress.482069346.cidr_blocks.#": "1",
                            "egress.482069346.cidr_blocks.0": "0.0.0.0/0",
                            "egress.482069346.description": "",
                            "egress.482069346.from_port": "0",
                            "egress.482069346.ipv6_cidr_blocks.#": "0",
                            "egress.482069346.prefix_list_ids.#": "0",
                            "egress.482069346.protocol": "-1",
                            "egress.482069346.security_groups.#": "0",
                            "egress.482069346.self": "false",
                            "egress.482069346.to_port": "0",
                            "id": "sg-0d8c39c3e80875381",
                            "ingress.#": "2",
                            "ingress.2214680975.cidr_blocks.#": "1",
                            "ingress.2214680975.cidr_blocks.0": "0.0.0.0/0",
                            "ingress.2214680975.description": "",
                            "ingress.2214680975.from_port": "80",
                            "ingress.2214680975.ipv6_cidr_blocks.#": "0",
                            "ingress.2214680975.prefix_list_ids.#": "0",
                            "ingress.2214680975.protocol": "tcp",
                            "ingress.2214680975.security_groups.#": "0",
                            "ingress.2214680975.self": "false",
                            "ingress.2214680975.to_port": "80",
                            "ingress.2541437006.cidr_blocks.#": "1",
                            "ingress.2541437006.cidr_blocks.0": "0.0.0.0/0",
                            "ingress.2541437006.description": "",
                            "ingress.2541437006.from_port": "22",
                            "ingress.2541437006.ipv6_cidr_blocks.#": "0",
                            "ingress.2541437006.prefix_list_ids.#": "0",
                            "ingress.2541437006.protocol": "tcp",
                            "ingress.2541437006.security_groups.#": "0",
                            "ingress.2541437006.self": "false",
                            "ingress.2541437006.to_port": "22",
                            "name": "test-web",
                            "owner_id": "461672938030",
                            "revoke_rules_on_delete": "false",
                            "tags.%": "1",
                            "tags.Name": "test-web",
                            "vpc_id": "vpc-09f44bdf0005b1c0c"
                        },
                        "meta": {
                            "e2bfb730-ecaa-11e6-8f88-34363bc7c4c0": {
                                "create": 600000000000,
                                "delete": 600000000000
                            },
                            "schema_version": "1"
                        },
                        "tainted": false
                    },
                    "deposed": [],
                    "provider": "provider.aws"
                }
            },
            "depends_on": []
        }
    ]
}
